{
  "name": "fdm-monster-daemon",
  "version": "2.0.0",
  "lockfileVersion": 3,
  "requires": true,
  "packages": {
    "": {
      "name": "fdm-monster-daemon",
      "version": "2.0.0",
      "hasInstallScript": true,
      "license": "MIT",
      "dependencies": {
        "node-linux": "^0.1.12"
      }
    },
    "node_modules/minimist": {
      "version": "0.0.10",
      "resolved": "https://registry.npmjs.org/minimist/-/minimist-0.0.10.tgz",
      "integrity": "sha512-iotkTvxc+TwOm5Ieim8VnSNvCDjCK9S8G3scJ50ZthspSxa7jx50jkhYduuAtAjvfDUwSgOwf8+If99AlOEhyw=="
    },
    "node_modules/mu2": {
      "version": "0.5.21",
      "resolved": "https://registry.npmjs.org/mu2/-/mu2-0.5.21.tgz",
      "integrity": "sha512-N0w5yapK+Vr4WJrZrE9pDVRxWa1SntycPBmDeFya2i54kS6VQXq8J7bYBhCNxeKvij3QfaFDDWBthLGai1Kbgw=="
    },
    "node_modules/node-linux": {
      "version": "0.1.12",
      "resolved": "https://registry.npmjs.org/node-linux/-/node-linux-0.1.12.tgz",
      "integrity": "sha512-m8xmzmkGUQWxIzfbNFI8gU9tSVyOLaLkAf0VviGY+ra8esgou3wv1KUZyQLnQ8fpUorRZ7GFeMg1zHyt+v2QSA==",
      "os": [
        "linux"
      ],
      "dependencies": {
        "mu2": "~0.5.20",
        "optimist": "~0.6.1"
      }
    },
    "node_modules/optimist": {
      "version": "0.6.1",
      "resolved": "https://registry.npmjs.org/optimist/-/optimist-0.6.1.tgz",
      "integrity": "sha512-snN4O4TkigujZphWLN0E//nQmm7790RYaE53DdL7ZYwee2D8DDo9/EyYiKUfN3rneWUjhJnueija3G9I2i0h3g==",
      "dependencies": {
        "minimist": "~0.0.1",
        "wordwrap": "~0.0.2"
      }
    },
    "node_modules/wordwrap": {
      "version": "0.0.3",
      "resolved": "https://registry.npmjs.org/wordwrap/-/wordwrap-0.0.3.tgz",
      "integrity": "sha512-1tMA907+V4QmxV7dbRvb4/8MaRALK6q9Abid3ndMYnbyo8piisCmeONVqVSXqQA3KaP4SLt5b7ud6E2sqP8TFw==",
      "engines": {
        "node": ">=0.4.0"
      }
    }
  }
}
